# This file is generated by running "yarn install" inside your project.
# Manual changes might be lost - proceed with caution!

__metadata:
  version: 6
  cacheKey: 8

"notes-ts-fundamentals-v4@workspace:.":
  version: 0.0.0-use.local
  resolution: "notes-ts-fundamentals-v4@workspace:."
  dependencies:
    typescript: 5.3.0-beta
  languageName: unknown
  linkType: soft

"typescript@npm:5.3.0-beta":
  version: 5.3.0-beta
  resolution: "typescript@npm:5.3.0-beta"
  bin:
    tsc: bin/tsc
    tsserver: bin/tsserver
  checksum: 12c5b05df8be536c3f5789323ca2e2f21ab6b7571bd21407b152c080be1dc8628c3cd9fb5fa342a304a266f5ad22827f3a27b7961da1600d27890be93f3e2d73
  languageName: node
  linkType: hard

"typescript@patch:typescript@5.3.0-beta#~builtin<compat/typescript>":
  version: 5.3.0-beta
  resolution: "typescript@patch:typescript@npm%3A5.3.0-beta#~builtin<compat/typescript>::version=5.3.0-beta&hash=29ae49"
  bin:
    tsc: bin/tsc
    tsserver: bin/tsserver
  checksum: 3e33f8107e631daab43016e7ddc1a8f2e2d9334a076ddeb6ee746394bb22639c93dda9b379bd75b073337659645d026024bad3169c828b824f985103dd826a65
  languageName: node
  linkType: hard
